// !$*UTF8*$!
{
	archiveVersion = 1;
	classes = {
	};
	objectVersion = 56;
	objects = {

/* Begin PBXBuildFile section */
		DA033DEF2A9CA0B3004C847D /* Fonts.swift in Sources */ = {isa = PBXBuildFile; fileRef = DA033DEE2A9CA0B3004C847D /* Fonts.swift */; };
		DA033DF52A9CAA43004C847D /* BottlesCatalogueView.swift in Sources */ = {isa = PBXBuildFile; fileRef = DA033DF42A9CAA43004C847D /* BottlesCatalogueView.swift */; };
		DA033DF92A9CAAD8004C847D /* Images.swift in Sources */ = {isa = PBXBuildFile; fileRef = DA033DF82A9CAAD8004C847D /* Images.swift */; };
		DA033DFB2A9CAB19004C847D /* CircleImageView.swift in Sources */ = {isa = PBXBuildFile; fileRef = DA033DFA2A9CAB19004C847D /* CircleImageView.swift */; };
		DA033DFE2A9CB00A004C847D /* KeyboardHide.swift in Sources */ = {isa = PBXBuildFile; fileRef = DA033DFD2A9CB00A004C847D /* KeyboardHide.swift */; };
		DA033E002A9CBB83004C847D /* BottleModel.swift in Sources */ = {isa = PBXBuildFile; fileRef = DA033DFF2A9CBB83004C847D /* BottleModel.swift */; };
		DA0355A52AA072EA002EBA77 /* PickersModuleView.swift in Sources */ = {isa = PBXBuildFile; fileRef = DA0355A42AA072EA002EBA77 /* PickersModuleView.swift */; };
		DA0355A72AA0768C002EBA77 /* CountryList.json in Resources */ = {isa = PBXBuildFile; fileRef = DA0355A62AA07354002EBA77 /* CountryList.json */; };
		DA08B2962A9F1BFE00A8872A /* SearchBarView.swift in Sources */ = {isa = PBXBuildFile; fileRef = DA08B2952A9F1BFE00A8872A /* SearchBarView.swift */; };
		DA195D212A9F4469000753B3 /* BubbleDetailsView.swift in Sources */ = {isa = PBXBuildFile; fileRef = DA195D202A9F4469000753B3 /* BubbleDetailsView.swift */; };
		DA2C2B362A9DE05200C6680D /* BottleDetailsView.swift in Sources */ = {isa = PBXBuildFile; fileRef = DA2C2B352A9DE05200C6680D /* BottleDetailsView.swift */; };
		DA2C2B392A9DF30700C6680D /* FiltersView.swift in Sources */ = {isa = PBXBuildFile; fileRef = DA2C2B382A9DF30700C6680D /* FiltersView.swift */; };
		DA2C2B3B2A9DF4E800C6680D /* SegmentPicker.swift in Sources */ = {isa = PBXBuildFile; fileRef = DA2C2B3A2A9DF4E800C6680D /* SegmentPicker.swift */; };
		DA2C2B3F2A9E119900C6680D /* TextEditorStandart.swift in Sources */ = {isa = PBXBuildFile; fileRef = DA2C2B3E2A9E119900C6680D /* TextEditorStandart.swift */; };
		DA37DAEF2A9F740C006D3717 /* OptionButtonView.swift in Sources */ = {isa = PBXBuildFile; fileRef = DA37DAEE2A9F740C006D3717 /* OptionButtonView.swift */; };
		DA3A2D642A9CBE3D00FEFBE1 /* CoreDataManager.swift in Sources */ = {isa = PBXBuildFile; fileRef = DA3A2D632A9CBE3D00FEFBE1 /* CoreDataManager.swift */; };
		DA3A2D662A9CC2B100FEFBE1 /* BottleCell.swift in Sources */ = {isa = PBXBuildFile; fileRef = DA3A2D652A9CC2B100FEFBE1 /* BottleCell.swift */; };
		DA4D2DE12AA3088800C78495 /* GoogleService-Info.plist in Resources */ = {isa = PBXBuildFile; fileRef = DA4D2DE02AA3088800C78495 /* GoogleService-Info.plist */; };
		DA4D2DE42AA31A0500C78495 /* BottlesCatalogueViewModel.swift in Sources */ = {isa = PBXBuildFile; fileRef = DA4D2DE32AA31A0400C78495 /* BottlesCatalogueViewModel.swift */; };
		DA549CE42AB42C3900F6398D /* LocalizationManager.swift in Sources */ = {isa = PBXBuildFile; fileRef = DA549CE32AB42C3900F6398D /* LocalizationManager.swift */; };
		DA549CE62AB42EE500F6398D /* InfoBubbles.swift in Sources */ = {isa = PBXBuildFile; fileRef = DA549CE52AB42EE500F6398D /* InfoBubbles.swift */; };
		DA549CE82AB443D400F6398D /* BottleDetailsViewModel.swift in Sources */ = {isa = PBXBuildFile; fileRef = DA549CE72AB443D400F6398D /* BottleDetailsViewModel.swift */; };
		DA63D0AA2AAC4A8E00161343 /* Double + Ext.swift in Sources */ = {isa = PBXBuildFile; fileRef = DA63D0A92AAC4A8E00161343 /* Double + Ext.swift */; };
		DA6556AD2AA1DF5300D8427C /* GrapeVariatiesList.swift in Sources */ = {isa = PBXBuildFile; fileRef = DA6556AC2AA1DF5300D8427C /* GrapeVariatiesList.swift */; };
		DA6556AF2AA1ED0600D8427C /* String + Ext.swift in Sources */ = {isa = PBXBuildFile; fileRef = DA6556AE2AA1ED0600D8427C /* String + Ext.swift */; };
		DA6556B22AA1ED7F00D8427C /* Localizable.strings in Resources */ = {isa = PBXBuildFile; fileRef = DA6556B42AA1ED7F00D8427C /* Localizable.strings */; };
		DA6556B82AA1F13100D8427C /* Localizable.strings in Resources */ = {isa = PBXBuildFile; fileRef = DA6556BA2AA1F13100D8427C /* Localizable.strings */; };
		DA7CCBA62A543B9D00C5876D /* VinishkoApp.swift in Sources */ = {isa = PBXBuildFile; fileRef = DA7CCBA52A543B9D00C5876D /* VinishkoApp.swift */; };
		DA7CCBAA2A543B9E00C5876D /* Assets.xcassets in Resources */ = {isa = PBXBuildFile; fileRef = DA7CCBA92A543B9E00C5876D /* Assets.xcassets */; };
		DA7CCBAD2A543B9E00C5876D /* Preview Assets.xcassets in Resources */ = {isa = PBXBuildFile; fileRef = DA7CCBAC2A543B9E00C5876D /* Preview Assets.xcassets */; };
		DA7CCBB22A543B9E00C5876D /* Vinishko.xcdatamodeld in Sources */ = {isa = PBXBuildFile; fileRef = DA7CCBB02A543B9E00C5876D /* Vinishko.xcdatamodeld */; };
		DA7CCBC02A543DBA00C5876D /* MainScreenView.swift in Sources */ = {isa = PBXBuildFile; fileRef = DA7CCBBF2A543DBA00C5876D /* MainScreenView.swift */; };
		DA7CCBC22A543DCE00C5876D /* CustomButton.swift in Sources */ = {isa = PBXBuildFile; fileRef = DA7CCBC12A543DCE00C5876D /* CustomButton.swift */; };
		DA7CCBC52A54410E00C5876D /* Pallete.swift in Sources */ = {isa = PBXBuildFile; fileRef = DA7CCBC42A54410E00C5876D /* Pallete.swift */; };
		DA7CCBC72A54445600C5876D /* NewBottleScreen.swift in Sources */ = {isa = PBXBuildFile; fileRef = DA7CCBC62A54445600C5876D /* NewBottleScreen.swift */; };
		DA7CCBC92A5446B200C5876D /* TextFieldStandart.swift in Sources */ = {isa = PBXBuildFile; fileRef = DA7CCBC82A5446B200C5876D /* TextFieldStandart.swift */; };
		DA8FF5EE2AA4AB2500DBAE6C /* MigrationService.swift in Sources */ = {isa = PBXBuildFile; fileRef = DA8FF5ED2AA4AB2500DBAE6C /* MigrationService.swift */; };
		DAB0261E2A9CDDD200E5BF5C /* SegmentedControl.swift in Sources */ = {isa = PBXBuildFile; fileRef = DAB0261D2A9CDDD200E5BF5C /* SegmentedControl.swift */; };
		DAB026202A9CDFA000E5BF5C /* HideBackButtonText.swift in Sources */ = {isa = PBXBuildFile; fileRef = DAB0261F2A9CDFA000E5BF5C /* HideBackButtonText.swift */; };
		DAB026252A9CE5CF00E5BF5C /* HapticFeedbackService.swift in Sources */ = {isa = PBXBuildFile; fileRef = DAB026242A9CE5CF00E5BF5C /* HapticFeedbackService.swift */; };
		DABDE2952AB62D8600DFC9ED /* BottlePhotoView.swift in Sources */ = {isa = PBXBuildFile; fileRef = DABDE2942AB62D8600DFC9ED /* BottlePhotoView.swift */; };
		DAE2155E2A9E258A00131FE4 /* ImagePicker.swift in Sources */ = {isa = PBXBuildFile; fileRef = DAE2155D2A9E258A00131FE4 /* ImagePicker.swift */; };
		DAE255882AAC89140004C707 /* BottomDetailsView.swift in Sources */ = {isa = PBXBuildFile; fileRef = DAE255872AAC89140004C707 /* BottomDetailsView.swift */; };
		DAE2558A2AACB1F50004C707 /* RatingView.swift in Sources */ = {isa = PBXBuildFile; fileRef = DAE255892AACB1F50004C707 /* RatingView.swift */; };
		DAE4DA712AA2068B00853426 /* GrapeVarietiesPicker.swift in Sources */ = {isa = PBXBuildFile; fileRef = DAE4DA702AA2068B00853426 /* GrapeVarietiesPicker.swift */; };
		DAE4DA732AA2074F00853426 /* RegionPicker.swift in Sources */ = {isa = PBXBuildFile; fileRef = DAE4DA722AA2074F00853426 /* RegionPicker.swift */; };
		DAE4DA752AA2079E00853426 /* CountryPicker.swift in Sources */ = {isa = PBXBuildFile; fileRef = DAE4DA742AA2079E00853426 /* CountryPicker.swift */; };
		DAF736422AAAFBE600AD2DB6 /* BottleImageView.swift in Sources */ = {isa = PBXBuildFile; fileRef = DAF736412AAAFBE600AD2DB6 /* BottleImageView.swift */; };
/* End PBXBuildFile section */

/* Begin PBXFileReference section */
		DA033DEE2A9CA0B3004C847D /* Fonts.swift */ = {isa = PBXFileReference; lastKnownFileType = sourcecode.swift; path = Fonts.swift; sourceTree = "<group>"; };
		DA033DF42A9CAA43004C847D /* BottlesCatalogueView.swift */ = {isa = PBXFileReference; lastKnownFileType = sourcecode.swift; path = BottlesCatalogueView.swift; sourceTree = "<group>"; };
		DA033DF82A9CAAD8004C847D /* Images.swift */ = {isa = PBXFileReference; fileEncoding = 4; lastKnownFileType = sourcecode.swift; path = Images.swift; sourceTree = "<group>"; };
		DA033DFA2A9CAB19004C847D /* CircleImageView.swift */ = {isa = PBXFileReference; fileEncoding = 4; lastKnownFileType = sourcecode.swift; path = CircleImageView.swift; sourceTree = "<group>"; };
		DA033DFD2A9CB00A004C847D /* KeyboardHide.swift */ = {isa = PBXFileReference; lastKnownFileType = sourcecode.swift; path = KeyboardHide.swift; sourceTree = "<group>"; };
		DA033DFF2A9CBB83004C847D /* BottleModel.swift */ = {isa = PBXFileReference; lastKnownFileType = sourcecode.swift; path = BottleModel.swift; sourceTree = "<group>"; };
		DA0355A42AA072EA002EBA77 /* PickersModuleView.swift */ = {isa = PBXFileReference; lastKnownFileType = sourcecode.swift; path = PickersModuleView.swift; sourceTree = "<group>"; };
		DA0355A62AA07354002EBA77 /* CountryList.json */ = {isa = PBXFileReference; lastKnownFileType = text.json; path = CountryList.json; sourceTree = "<group>"; };
		DA08B2952A9F1BFE00A8872A /* SearchBarView.swift */ = {isa = PBXFileReference; lastKnownFileType = sourcecode.swift; path = SearchBarView.swift; sourceTree = "<group>"; };
		DA195D202A9F4469000753B3 /* BubbleDetailsView.swift */ = {isa = PBXFileReference; lastKnownFileType = sourcecode.swift; path = BubbleDetailsView.swift; sourceTree = "<group>"; };
		DA2C2B352A9DE05200C6680D /* BottleDetailsView.swift */ = {isa = PBXFileReference; lastKnownFileType = sourcecode.swift; path = BottleDetailsView.swift; sourceTree = "<group>"; };
		DA2C2B382A9DF30700C6680D /* FiltersView.swift */ = {isa = PBXFileReference; lastKnownFileType = sourcecode.swift; path = FiltersView.swift; sourceTree = "<group>"; };
		DA2C2B3A2A9DF4E800C6680D /* SegmentPicker.swift */ = {isa = PBXFileReference; lastKnownFileType = sourcecode.swift; path = SegmentPicker.swift; sourceTree = "<group>"; };
		DA2C2B3E2A9E119900C6680D /* TextEditorStandart.swift */ = {isa = PBXFileReference; lastKnownFileType = sourcecode.swift; path = TextEditorStandart.swift; sourceTree = "<group>"; };
		DA37DAEE2A9F740C006D3717 /* OptionButtonView.swift */ = {isa = PBXFileReference; lastKnownFileType = sourcecode.swift; path = OptionButtonView.swift; sourceTree = "<group>"; };
		DA3A2D632A9CBE3D00FEFBE1 /* CoreDataManager.swift */ = {isa = PBXFileReference; fileEncoding = 4; lastKnownFileType = sourcecode.swift; path = CoreDataManager.swift; sourceTree = "<group>"; };
		DA3A2D652A9CC2B100FEFBE1 /* BottleCell.swift */ = {isa = PBXFileReference; lastKnownFileType = sourcecode.swift; path = BottleCell.swift; sourceTree = "<group>"; };
		DA4D2DE02AA3088800C78495 /* GoogleService-Info.plist */ = {isa = PBXFileReference; fileEncoding = 4; lastKnownFileType = text.plist.xml; path = "GoogleService-Info.plist"; sourceTree = "<group>"; };
		DA4D2DE22AA3099E00C78495 /* Vinishko.entitlements */ = {isa = PBXFileReference; lastKnownFileType = text.plist.entitlements; path = Vinishko.entitlements; sourceTree = "<group>"; };
		DA4D2DE32AA31A0400C78495 /* BottlesCatalogueViewModel.swift */ = {isa = PBXFileReference; lastKnownFileType = sourcecode.swift; path = BottlesCatalogueViewModel.swift; sourceTree = "<group>"; };
		DA549CE32AB42C3900F6398D /* LocalizationManager.swift */ = {isa = PBXFileReference; lastKnownFileType = sourcecode.swift; path = LocalizationManager.swift; sourceTree = "<group>"; };
		DA549CE52AB42EE500F6398D /* InfoBubbles.swift */ = {isa = PBXFileReference; lastKnownFileType = sourcecode.swift; path = InfoBubbles.swift; sourceTree = "<group>"; };
		DA549CE72AB443D400F6398D /* BottleDetailsViewModel.swift */ = {isa = PBXFileReference; lastKnownFileType = sourcecode.swift; path = BottleDetailsViewModel.swift; sourceTree = "<group>"; };
		DA63D0A92AAC4A8E00161343 /* Double + Ext.swift */ = {isa = PBXFileReference; lastKnownFileType = sourcecode.swift; path = "Double + Ext.swift"; sourceTree = "<group>"; };
		DA6556AC2AA1DF5300D8427C /* GrapeVariatiesList.swift */ = {isa = PBXFileReference; lastKnownFileType = sourcecode.swift; path = GrapeVariatiesList.swift; sourceTree = "<group>"; };
		DA6556AE2AA1ED0600D8427C /* String + Ext.swift */ = {isa = PBXFileReference; lastKnownFileType = sourcecode.swift; path = "String + Ext.swift"; sourceTree = "<group>"; };
		DA6556B32AA1ED7F00D8427C /* ru */ = {isa = PBXFileReference; lastKnownFileType = text.plist.strings; name = ru; path = ru.lproj/Localizable.strings; sourceTree = "<group>"; };
		DA6556B92AA1F13100D8427C /* en */ = {isa = PBXFileReference; lastKnownFileType = text.plist.strings; name = en; path = en.lproj/Localizable.strings; sourceTree = "<group>"; };
		DA7CCBA22A543B9D00C5876D /* Vinishko.app */ = {isa = PBXFileReference; explicitFileType = wrapper.application; includeInIndex = 0; path = Vinishko.app; sourceTree = BUILT_PRODUCTS_DIR; };
		DA7CCBA52A543B9D00C5876D /* VinishkoApp.swift */ = {isa = PBXFileReference; lastKnownFileType = sourcecode.swift; path = VinishkoApp.swift; sourceTree = "<group>"; };
		DA7CCBA92A543B9E00C5876D /* Assets.xcassets */ = {isa = PBXFileReference; lastKnownFileType = folder.assetcatalog; path = Assets.xcassets; sourceTree = "<group>"; };
		DA7CCBAC2A543B9E00C5876D /* Preview Assets.xcassets */ = {isa = PBXFileReference; lastKnownFileType = folder.assetcatalog; path = "Preview Assets.xcassets"; sourceTree = "<group>"; };
		DA7CCBB12A543B9E00C5876D /* Vinishko.xcdatamodel */ = {isa = PBXFileReference; lastKnownFileType = wrapper.xcdatamodel; path = Vinishko.xcdatamodel; sourceTree = "<group>"; };
		DA7CCBB32A543B9E00C5876D /* Info.plist */ = {isa = PBXFileReference; lastKnownFileType = text.plist.xml; path = Info.plist; sourceTree = "<group>"; };
		DA7CCBBF2A543DBA00C5876D /* MainScreenView.swift */ = {isa = PBXFileReference; lastKnownFileType = sourcecode.swift; path = MainScreenView.swift; sourceTree = "<group>"; };
		DA7CCBC12A543DCE00C5876D /* CustomButton.swift */ = {isa = PBXFileReference; lastKnownFileType = sourcecode.swift; path = CustomButton.swift; sourceTree = "<group>"; };
		DA7CCBC42A54410E00C5876D /* Pallete.swift */ = {isa = PBXFileReference; lastKnownFileType = sourcecode.swift; path = Pallete.swift; sourceTree = "<group>"; };
		DA7CCBC62A54445600C5876D /* NewBottleScreen.swift */ = {isa = PBXFileReference; lastKnownFileType = sourcecode.swift; path = NewBottleScreen.swift; sourceTree = "<group>"; };
		DA7CCBC82A5446B200C5876D /* TextFieldStandart.swift */ = {isa = PBXFileReference; lastKnownFileType = sourcecode.swift; path = TextFieldStandart.swift; sourceTree = "<group>"; };
		DA8FF5ED2AA4AB2500DBAE6C /* MigrationService.swift */ = {isa = PBXFileReference; lastKnownFileType = sourcecode.swift; path = MigrationService.swift; sourceTree = "<group>"; };
		DAB0261D2A9CDDD200E5BF5C /* SegmentedControl.swift */ = {isa = PBXFileReference; lastKnownFileType = sourcecode.swift; path = SegmentedControl.swift; sourceTree = "<group>"; };
		DAB0261F2A9CDFA000E5BF5C /* HideBackButtonText.swift */ = {isa = PBXFileReference; fileEncoding = 4; lastKnownFileType = sourcecode.swift; path = HideBackButtonText.swift; sourceTree = "<group>"; };
		DAB026242A9CE5CF00E5BF5C /* HapticFeedbackService.swift */ = {isa = PBXFileReference; lastKnownFileType = sourcecode.swift; path = HapticFeedbackService.swift; sourceTree = "<group>"; };
		DABDE2942AB62D8600DFC9ED /* BottlePhotoView.swift */ = {isa = PBXFileReference; lastKnownFileType = sourcecode.swift; path = BottlePhotoView.swift; sourceTree = "<group>"; };
		DAE2155D2A9E258A00131FE4 /* ImagePicker.swift */ = {isa = PBXFileReference; lastKnownFileType = sourcecode.swift; path = ImagePicker.swift; sourceTree = "<group>"; };
		DAE255872AAC89140004C707 /* BottomDetailsView.swift */ = {isa = PBXFileReference; lastKnownFileType = sourcecode.swift; path = BottomDetailsView.swift; sourceTree = "<group>"; };
		DAE255892AACB1F50004C707 /* RatingView.swift */ = {isa = PBXFileReference; lastKnownFileType = sourcecode.swift; path = RatingView.swift; sourceTree = "<group>"; };
		DAE4DA702AA2068B00853426 /* GrapeVarietiesPicker.swift */ = {isa = PBXFileReference; lastKnownFileType = sourcecode.swift; path = GrapeVarietiesPicker.swift; sourceTree = "<group>"; };
		DAE4DA722AA2074F00853426 /* RegionPicker.swift */ = {isa = PBXFileReference; lastKnownFileType = sourcecode.swift; path = RegionPicker.swift; sourceTree = "<group>"; };
		DAE4DA742AA2079E00853426 /* CountryPicker.swift */ = {isa = PBXFileReference; lastKnownFileType = sourcecode.swift; path = CountryPicker.swift; sourceTree = "<group>"; };
		DAF736412AAAFBE600AD2DB6 /* BottleImageView.swift */ = {isa = PBXFileReference; lastKnownFileType = sourcecode.swift; path = BottleImageView.swift; sourceTree = "<group>"; };
/* End PBXFileReference section */

/* Begin PBXFrameworksBuildPhase section */
		DA7CCB9F2A543B9D00C5876D /* Frameworks */ = {
			isa = PBXFrameworksBuildPhase;
			buildActionMask = 2147483647;
			files = (
			);
			runOnlyForDeploymentPostprocessing = 0;
		};
/* End PBXFrameworksBuildPhase section */

/* Begin PBXGroup section */
		DA033DF02A9CA4B6004C847D /* CoreData */ = {
			isa = PBXGroup;
			children = (
				DA3A2D632A9CBE3D00FEFBE1 /* CoreDataManager.swift */,
				DA7CCBB02A543B9E00C5876D /* Vinishko.xcdatamodeld */,
			);
			path = CoreData;
			sourceTree = "<group>";
		};
		DA033DF12A9CA96D004C847D /* MainScreen */ = {
			isa = PBXGroup;
			children = (
				DA7CCBBF2A543DBA00C5876D /* MainScreenView.swift */,
			);
			path = MainScreen;
			sourceTree = "<group>";
		};
		DA033DF22A9CA977004C847D /* NewBottleScreen */ = {
			isa = PBXGroup;
			children = (
				DA7CCBC62A54445600C5876D /* NewBottleScreen.swift */,
				DA033DFF2A9CBB83004C847D /* BottleModel.swift */,
			);
			path = NewBottleScreen;
			sourceTree = "<group>";
		};
		DA033DF32A9CAA11004C847D /* BottlesCatalogueScreen */ = {
			isa = PBXGroup;
			children = (
				DA033DF42A9CAA43004C847D /* BottlesCatalogueView.swift */,
				DA4D2DE32AA31A0400C78495 /* BottlesCatalogueViewModel.swift */,
			);
			path = BottlesCatalogueScreen;
			sourceTree = "<group>";
		};
		DA033DFC2A9CAFF4004C847D /* Extensions */ = {
			isa = PBXGroup;
			children = (
				DAB0261F2A9CDFA000E5BF5C /* HideBackButtonText.swift */,
				DA033DFD2A9CB00A004C847D /* KeyboardHide.swift */,
			);
			path = Extensions;
			sourceTree = "<group>";
		};
		DA0886882AB75BCF00743CE7 /* TextFields */ = {
			isa = PBXGroup;
			children = (
				DA7CCBC82A5446B200C5876D /* TextFieldStandart.swift */,
				DA2C2B3E2A9E119900C6680D /* TextEditorStandart.swift */,
			);
			path = TextFields;
			sourceTree = "<group>";
		};
		DA0886892AB75BD800743CE7 /* Buttons */ = {
			isa = PBXGroup;
			children = (
				DA7CCBC12A543DCE00C5876D /* CustomButton.swift */,
				DA37DAEE2A9F740C006D3717 /* OptionButtonView.swift */,
			);
			path = Buttons;
			sourceTree = "<group>";
		};
		DA08868A2AB75BE100743CE7 /* SegmentedControls */ = {
			isa = PBXGroup;
			children = (
				DAB0261D2A9CDDD200E5BF5C /* SegmentedControl.swift */,
				DA2C2B3A2A9DF4E800C6680D /* SegmentPicker.swift */,
			);
			path = SegmentedControls;
			sourceTree = "<group>";
		};
		DA08868B2AB75BFB00743CE7 /* ImagesViews */ = {
			isa = PBXGroup;
			children = (
				DABDE2942AB62D8600DFC9ED /* BottlePhotoView.swift */,
				DA033DFA2A9CAB19004C847D /* CircleImageView.swift */,
				DAE2155D2A9E258A00131FE4 /* ImagePicker.swift */,
				DAF736412AAAFBE600AD2DB6 /* BottleImageView.swift */,
			);
			path = ImagesViews;
			sourceTree = "<group>";
		};
		DA08868C2AB75C0B00743CE7 /* Pickers */ = {
			isa = PBXGroup;
			children = (
				DA0355A42AA072EA002EBA77 /* PickersModuleView.swift */,
				DAE4DA742AA2079E00853426 /* CountryPicker.swift */,
				DAE4DA722AA2074F00853426 /* RegionPicker.swift */,
				DAE4DA702AA2068B00853426 /* GrapeVarietiesPicker.swift */,
			);
			path = Pickers;
			sourceTree = "<group>";
		};
		DA08868E2AB75CAD00743CE7 /* Other */ = {
			isa = PBXGroup;
			children = (
				DA08B2952A9F1BFE00A8872A /* SearchBarView.swift */,
				DA195D202A9F4469000753B3 /* BubbleDetailsView.swift */,
				DA549CE52AB42EE500F6398D /* InfoBubbles.swift */,
				DA3A2D652A9CC2B100FEFBE1 /* BottleCell.swift */,
				DAE255872AAC89140004C707 /* BottomDetailsView.swift */,
				DAE255892AACB1F50004C707 /* RatingView.swift */,
			);
			path = Other;
			sourceTree = "<group>";
		};
		DA2C2B342A9DE03700C6680D /* BottleDetailsScreen */ = {
			isa = PBXGroup;
			children = (
				DA2C2B352A9DE05200C6680D /* BottleDetailsView.swift */,
				DA549CE72AB443D400F6398D /* BottleDetailsViewModel.swift */,
			);
			path = BottleDetailsScreen;
			sourceTree = "<group>";
		};
		DA2C2B372A9DF2FC00C6680D /* FiltersScreen */ = {
			isa = PBXGroup;
			children = (
				DA2C2B382A9DF30700C6680D /* FiltersView.swift */,
			);
			path = FiltersScreen;
			sourceTree = "<group>";
		};
		DA6556B52AA1F0BF00D8427C /* Localizable */ = {
			isa = PBXGroup;
			children = (
				DA549CE32AB42C3900F6398D /* LocalizationManager.swift */,
				DA6556AC2AA1DF5300D8427C /* GrapeVariatiesList.swift */,
				DA0355A62AA07354002EBA77 /* CountryList.json */,
				DA6556B42AA1ED7F00D8427C /* Localizable.strings */,
				DA6556BA2AA1F13100D8427C /* Localizable.strings */,
			);
			path = Localizable;
			sourceTree = "<group>";
		};
		DA7CCB992A543B9D00C5876D = {
			isa = PBXGroup;
			children = (
				DA7CCBA42A543B9D00C5876D /* Vinishko */,
				DA7CCBA32A543B9D00C5876D /* Products */,
			);
			sourceTree = "<group>";
		};
		DA7CCBA32A543B9D00C5876D /* Products */ = {
			isa = PBXGroup;
			children = (
				DA7CCBA22A543B9D00C5876D /* Vinishko.app */,
			);
			name = Products;
			sourceTree = "<group>";
		};
		DA7CCBA42A543B9D00C5876D /* Vinishko */ = {
			isa = PBXGroup;
			children = (
				DA4D2DE22AA3099E00C78495 /* Vinishko.entitlements */,
				DA7CCBB32A543B9E00C5876D /* Info.plist */,
				DA7CCBA52A543B9D00C5876D /* VinishkoApp.swift */,
				DA4D2DE02AA3088800C78495 /* GoogleService-Info.plist */,
				DA7CCBC32A54410500C5876D /* Common */,
				DA7CCBBC2A543D2600C5876D /* Components */,
				DA7CCBB92A543D1D00C5876D /* Modules */,
				DA7CCBA92A543B9E00C5876D /* Assets.xcassets */,
				DA6556B52AA1F0BF00D8427C /* Localizable */,
				DAB026232A9CE5BC00E5BF5C /* Services */,
				DA033DF02A9CA4B6004C847D /* CoreData */,
				DA7CCBAB2A543B9E00C5876D /* Preview Content */,
			);
			path = Vinishko;
			sourceTree = "<group>";
		};
		DA7CCBAB2A543B9E00C5876D /* Preview Content */ = {
			isa = PBXGroup;
			children = (
				DA7CCBAC2A543B9E00C5876D /* Preview Assets.xcassets */,
			);
			path = "Preview Content";
			sourceTree = "<group>";
		};
		DA7CCBB92A543D1D00C5876D /* Modules */ = {
			isa = PBXGroup;
			children = (
				DA033DF12A9CA96D004C847D /* MainScreen */,
				DA033DF22A9CA977004C847D /* NewBottleScreen */,
				DA033DF32A9CAA11004C847D /* BottlesCatalogueScreen */,
				DA2C2B342A9DE03700C6680D /* BottleDetailsScreen */,
				DA2C2B372A9DF2FC00C6680D /* FiltersScreen */,
			);
			path = Modules;
			sourceTree = "<group>";
		};
		DA7CCBBC2A543D2600C5876D /* Components */ = {
			isa = PBXGroup;
			children = (
				DA08868B2AB75BFB00743CE7 /* ImagesViews */,
				DA0886892AB75BD800743CE7 /* Buttons */,
				DA0886882AB75BCF00743CE7 /* TextFields */,
				DA08868A2AB75BE100743CE7 /* SegmentedControls */,
				DA08868C2AB75C0B00743CE7 /* Pickers */,
				DA08868E2AB75CAD00743CE7 /* Other */,
			);
			path = Components;
			sourceTree = "<group>";
		};
		DA7CCBC32A54410500C5876D /* Common */ = {
			isa = PBXGroup;
			children = (
				DA033DFC2A9CAFF4004C847D /* Extensions */,
				DA7CCBC42A54410E00C5876D /* Pallete.swift */,
				DA033DEE2A9CA0B3004C847D /* Fonts.swift */,
				DA033DF82A9CAAD8004C847D /* Images.swift */,
			);
			path = Common;
			sourceTree = "<group>";
		};
		DAB026232A9CE5BC00E5BF5C /* Services */ = {
			isa = PBXGroup;
			children = (
				DAB026242A9CE5CF00E5BF5C /* HapticFeedbackService.swift */,
				DA6556AE2AA1ED0600D8427C /* String + Ext.swift */,
				DA8FF5ED2AA4AB2500DBAE6C /* MigrationService.swift */,
				DA63D0A92AAC4A8E00161343 /* Double + Ext.swift */,
			);
			path = Services;
			sourceTree = "<group>";
		};
/* End PBXGroup section */

/* Begin PBXNativeTarget section */
		DA7CCBA12A543B9D00C5876D /* Vinishko */ = {
			isa = PBXNativeTarget;
			buildConfigurationList = DA7CCBB62A543B9E00C5876D /* Build configuration list for PBXNativeTarget "Vinishko" */;
			buildPhases = (
				DA7CCB9E2A543B9D00C5876D /* Sources */,
				DA7CCB9F2A543B9D00C5876D /* Frameworks */,
				DA7CCBA02A543B9D00C5876D /* Resources */,
			);
			buildRules = (
			);
			dependencies = (
			);
			name = Vinishko;
			productName = Vinishko;
			productReference = DA7CCBA22A543B9D00C5876D /* Vinishko.app */;
			productType = "com.apple.product-type.application";
		};
/* End PBXNativeTarget section */

/* Begin PBXProject section */
		DA7CCB9A2A543B9D00C5876D /* Project object */ = {
			isa = PBXProject;
			attributes = {
				BuildIndependentTargetsInParallel = 1;
				LastSwiftUpdateCheck = 1430;
				LastUpgradeCheck = 1500;
				TargetAttributes = {
					DA7CCBA12A543B9D00C5876D = {
						CreatedOnToolsVersion = 14.3.1;
					};
				};
			};
			buildConfigurationList = DA7CCB9D2A543B9D00C5876D /* Build configuration list for PBXProject "Vinishko" */;
			compatibilityVersion = "Xcode 14.0";
			developmentRegion = ru;
			hasScannedForEncodings = 0;
			knownRegions = (
				ru,
				en,
				Base,
			);
			mainGroup = DA7CCB992A543B9D00C5876D;
			productRefGroup = DA7CCBA32A543B9D00C5876D /* Products */;
			projectDirPath = "";
			projectRoot = "";
			targets = (
				DA7CCBA12A543B9D00C5876D /* Vinishko */,
			);
		};
/* End PBXProject section */

/* Begin PBXResourcesBuildPhase section */
		DA7CCBA02A543B9D00C5876D /* Resources */ = {
			isa = PBXResourcesBuildPhase;
			buildActionMask = 2147483647;
			files = (
				DA7CCBAD2A543B9E00C5876D /* Preview Assets.xcassets in Resources */,
				DA6556B22AA1ED7F00D8427C /* Localizable.strings in Resources */,
				DA7CCBAA2A543B9E00C5876D /* Assets.xcassets in Resources */,
				DA6556B82AA1F13100D8427C /* Localizable.strings in Resources */,
				DA0355A72AA0768C002EBA77 /* CountryList.json in Resources */,
				DA4D2DE12AA3088800C78495 /* GoogleService-Info.plist in Resources */,
			);
			runOnlyForDeploymentPostprocessing = 0;
		};
/* End PBXResourcesBuildPhase section */

/* Begin PBXSourcesBuildPhase section */
		DA7CCB9E2A543B9D00C5876D /* Sources */ = {
			isa = PBXSourcesBuildPhase;
			buildActionMask = 2147483647;
			files = (
				DA549CE42AB42C3900F6398D /* LocalizationManager.swift in Sources */,
				DAE4DA752AA2079E00853426 /* CountryPicker.swift in Sources */,
				DA7CCBC22A543DCE00C5876D /* CustomButton.swift in Sources */,
				DA2C2B362A9DE05200C6680D /* BottleDetailsView.swift in Sources */,
				DAE2558A2AACB1F50004C707 /* RatingView.swift in Sources */,
				DA549CE62AB42EE500F6398D /* InfoBubbles.swift in Sources */,
				DA033DEF2A9CA0B3004C847D /* Fonts.swift in Sources */,
				DA7CCBC02A543DBA00C5876D /* MainScreenView.swift in Sources */,
				DA033DFE2A9CB00A004C847D /* KeyboardHide.swift in Sources */,
				DA195D212A9F4469000753B3 /* BubbleDetailsView.swift in Sources */,
				DAE4DA732AA2074F00853426 /* RegionPicker.swift in Sources */,
				DA08B2962A9F1BFE00A8872A /* SearchBarView.swift in Sources */,
				DAB0261E2A9CDDD200E5BF5C /* SegmentedControl.swift in Sources */,
				DA549CE82AB443D400F6398D /* BottleDetailsViewModel.swift in Sources */,
				DA7CCBB22A543B9E00C5876D /* Vinishko.xcdatamodeld in Sources */,
				DA3A2D662A9CC2B100FEFBE1 /* BottleCell.swift in Sources */,
				DA63D0AA2AAC4A8E00161343 /* Double + Ext.swift in Sources */,
				DA4D2DE42AA31A0500C78495 /* BottlesCatalogueViewModel.swift in Sources */,
				DAE255882AAC89140004C707 /* BottomDetailsView.swift in Sources */,
				DA033E002A9CBB83004C847D /* BottleModel.swift in Sources */,
				DA6556AD2AA1DF5300D8427C /* GrapeVariatiesList.swift in Sources */,
				DAB026252A9CE5CF00E5BF5C /* HapticFeedbackService.swift in Sources */,
				DA2C2B392A9DF30700C6680D /* FiltersView.swift in Sources */,
				DA033DF92A9CAAD8004C847D /* Images.swift in Sources */,
				DABDE2952AB62D8600DFC9ED /* BottlePhotoView.swift in Sources */,
				DA2C2B3F2A9E119900C6680D /* TextEditorStandart.swift in Sources */,
				DA7CCBA62A543B9D00C5876D /* VinishkoApp.swift in Sources */,
				DA033DF52A9CAA43004C847D /* BottlesCatalogueView.swift in Sources */,
				DAB026202A9CDFA000E5BF5C /* HideBackButtonText.swift in Sources */,
				DA3A2D642A9CBE3D00FEFBE1 /* CoreDataManager.swift in Sources */,
				DA6556AF2AA1ED0600D8427C /* String + Ext.swift in Sources */,
				DA8FF5EE2AA4AB2500DBAE6C /* MigrationService.swift in Sources */,
				DA7CCBC52A54410E00C5876D /* Pallete.swift in Sources */,
				DA37DAEF2A9F740C006D3717 /* OptionButtonView.swift in Sources */,
				DA0355A52AA072EA002EBA77 /* PickersModuleView.swift in Sources */,
				DA7CCBC92A5446B200C5876D /* TextFieldStandart.swift in Sources */,
				DA2C2B3B2A9DF4E800C6680D /* SegmentPicker.swift in Sources */,
				DAE4DA712AA2068B00853426 /* GrapeVarietiesPicker.swift in Sources */,
				DAF736422AAAFBE600AD2DB6 /* BottleImageView.swift in Sources */,
				DAE2155E2A9E258A00131FE4 /* ImagePicker.swift in Sources */,
				DA033DFB2A9CAB19004C847D /* CircleImageView.swift in Sources */,
				DA7CCBC72A54445600C5876D /* NewBottleScreen.swift in Sources */,
			);
			runOnlyForDeploymentPostprocessing = 0;
		};
/* End PBXSourcesBuildPhase section */

/* Begin PBXVariantGroup section */
		DA6556B42AA1ED7F00D8427C /* Localizable.strings */ = {
			isa = PBXVariantGroup;
			children = (
				DA6556B32AA1ED7F00D8427C /* ru */,
			);
			name = Localizable.strings;
			sourceTree = "<group>";
		};
		DA6556BA2AA1F13100D8427C /* Localizable.strings */ = {
			isa = PBXVariantGroup;
			children = (
				DA6556B92AA1F13100D8427C /* en */,
			);
			name = Localizable.strings;
			sourceTree = "<group>";
		};
/* End PBXVariantGroup section */

/* Begin XCBuildConfiguration section */
		DA7CCBB42A543B9E00C5876D /* Debug */ = {
			isa = XCBuildConfiguration;
			buildSettings = {
				ALWAYS_SEARCH_USER_PATHS = NO;
				CLANG_ANALYZER_LOCALIZABILITY_NONLOCALIZED = YES;
				CLANG_ANALYZER_NONNULL = YES;
				CLANG_ANALYZER_NUMBER_OBJECT_CONVERSION = YES_AGGRESSIVE;
				CLANG_CXX_LANGUAGE_STANDARD = "gnu++20";
				CLANG_ENABLE_MODULES = YES;
				CLANG_ENABLE_OBJC_ARC = YES;
				CLANG_ENABLE_OBJC_WEAK = YES;
				CLANG_WARN_BLOCK_CAPTURE_AUTORELEASING = YES;
				CLANG_WARN_BOOL_CONVERSION = YES;
				CLANG_WARN_COMMA = YES;
				CLANG_WARN_CONSTANT_CONVERSION = YES;
				CLANG_WARN_DEPRECATED_OBJC_IMPLEMENTATIONS = YES;
				CLANG_WARN_DIRECT_OBJC_ISA_USAGE = YES_ERROR;
				CLANG_WARN_DOCUMENTATION_COMMENTS = YES;
				CLANG_WARN_EMPTY_BODY = YES;
				CLANG_WARN_ENUM_CONVERSION = YES;
				CLANG_WARN_INFINITE_RECURSION = YES;
				CLANG_WARN_INT_CONVERSION = YES;
				CLANG_WARN_NON_LITERAL_NULL_CONVERSION = YES;
				CLANG_WARN_OBJC_IMPLICIT_RETAIN_SELF = YES;
				CLANG_WARN_OBJC_LITERAL_CONVERSION = YES;
				CLANG_WARN_OBJC_ROOT_CLASS = YES_ERROR;
				CLANG_WARN_QUOTED_INCLUDE_IN_FRAMEWORK_HEADER = YES;
				CLANG_WARN_RANGE_LOOP_ANALYSIS = YES;
				CLANG_WARN_STRICT_PROTOTYPES = YES;
				CLANG_WARN_SUSPICIOUS_MOVE = YES;
				CLANG_WARN_UNGUARDED_AVAILABILITY = YES_AGGRESSIVE;
				CLANG_WARN_UNREACHABLE_CODE = YES;
				CLANG_WARN__DUPLICATE_METHOD_MATCH = YES;
				COPY_PHASE_STRIP = NO;
				DEBUG_INFORMATION_FORMAT = dwarf;
				ENABLE_STRICT_OBJC_MSGSEND = YES;
				ENABLE_TESTABILITY = YES;
				ENABLE_USER_SCRIPT_SANDBOXING = YES;
				GCC_C_LANGUAGE_STANDARD = gnu11;
				GCC_DYNAMIC_NO_PIC = NO;
				GCC_NO_COMMON_BLOCKS = YES;
				GCC_OPTIMIZATION_LEVEL = 0;
				GCC_PREPROCESSOR_DEFINITIONS = (
					"DEBUG=1",
					"$(inherited)",
				);
				GCC_WARN_64_TO_32_BIT_CONVERSION = YES;
				GCC_WARN_ABOUT_RETURN_TYPE = YES_ERROR;
				GCC_WARN_UNDECLARED_SELECTOR = YES;
				GCC_WARN_UNINITIALIZED_AUTOS = YES_AGGRESSIVE;
				GCC_WARN_UNUSED_FUNCTION = YES;
				GCC_WARN_UNUSED_VARIABLE = YES;
				IPHONEOS_DEPLOYMENT_TARGET = 15.0;
				MTL_ENABLE_DEBUG_INFO = INCLUDE_SOURCE;
				MTL_FAST_MATH = YES;
				ONLY_ACTIVE_ARCH = YES;
				SDKROOT = iphoneos;
				SWIFT_ACTIVE_COMPILATION_CONDITIONS = DEBUG;
				SWIFT_OPTIMIZATION_LEVEL = "-Onone";
			};
			name = Debug;
		};
		DA7CCBB52A543B9E00C5876D /* Release */ = {
			isa = XCBuildConfiguration;
			buildSettings = {
				ALWAYS_SEARCH_USER_PATHS = NO;
				CLANG_ANALYZER_LOCALIZABILITY_NONLOCALIZED = YES;
				CLANG_ANALYZER_NONNULL = YES;
				CLANG_ANALYZER_NUMBER_OBJECT_CONVERSION = YES_AGGRESSIVE;
				CLANG_CXX_LANGUAGE_STANDARD = "gnu++20";
				CLANG_ENABLE_MODULES = YES;
				CLANG_ENABLE_OBJC_ARC = YES;
				CLANG_ENABLE_OBJC_WEAK = YES;
				CLANG_WARN_BLOCK_CAPTURE_AUTORELEASING = YES;
				CLANG_WARN_BOOL_CONVERSION = YES;
				CLANG_WARN_COMMA = YES;
				CLANG_WARN_CONSTANT_CONVERSION = YES;
				CLANG_WARN_DEPRECATED_OBJC_IMPLEMENTATIONS = YES;
				CLANG_WARN_DIRECT_OBJC_ISA_USAGE = YES_ERROR;
				CLANG_WARN_DOCUMENTATION_COMMENTS = YES;
				CLANG_WARN_EMPTY_BODY = YES;
				CLANG_WARN_ENUM_CONVERSION = YES;
				CLANG_WARN_INFINITE_RECURSION = YES;
				CLANG_WARN_INT_CONVERSION = YES;
				CLANG_WARN_NON_LITERAL_NULL_CONVERSION = YES;
				CLANG_WARN_OBJC_IMPLICIT_RETAIN_SELF = YES;
				CLANG_WARN_OBJC_LITERAL_CONVERSION = YES;
				CLANG_WARN_OBJC_ROOT_CLASS = YES_ERROR;
				CLANG_WARN_QUOTED_INCLUDE_IN_FRAMEWORK_HEADER = YES;
				CLANG_WARN_RANGE_LOOP_ANALYSIS = YES;
				CLANG_WARN_STRICT_PROTOTYPES = YES;
				CLANG_WARN_SUSPICIOUS_MOVE = YES;
				CLANG_WARN_UNGUARDED_AVAILABILITY = YES_AGGRESSIVE;
				CLANG_WARN_UNREACHABLE_CODE = YES;
				CLANG_WARN__DUPLICATE_METHOD_MATCH = YES;
				COPY_PHASE_STRIP = NO;
				DEBUG_INFORMATION_FORMAT = "dwarf-with-dsym";
				ENABLE_NS_ASSERTIONS = NO;
				ENABLE_STRICT_OBJC_MSGSEND = YES;
				ENABLE_USER_SCRIPT_SANDBOXING = YES;
				GCC_C_LANGUAGE_STANDARD = gnu11;
				GCC_NO_COMMON_BLOCKS = YES;
				GCC_WARN_64_TO_32_BIT_CONVERSION = YES;
				GCC_WARN_ABOUT_RETURN_TYPE = YES_ERROR;
				GCC_WARN_UNDECLARED_SELECTOR = YES;
				GCC_WARN_UNINITIALIZED_AUTOS = YES_AGGRESSIVE;
				GCC_WARN_UNUSED_FUNCTION = YES;
				GCC_WARN_UNUSED_VARIABLE = YES;
				IPHONEOS_DEPLOYMENT_TARGET = 15.0;
				MTL_ENABLE_DEBUG_INFO = NO;
				MTL_FAST_MATH = YES;
				SDKROOT = iphoneos;
				SWIFT_COMPILATION_MODE = wholemodule;
				SWIFT_OPTIMIZATION_LEVEL = "-O";
				VALIDATE_PRODUCT = YES;
			};
			name = Release;
		};
		DA7CCBB72A543B9E00C5876D /* Debug */ = {
			isa = XCBuildConfiguration;
			buildSettings = {
				ASSETCATALOG_COMPILER_APPICON_NAME = AppIcon;
				ASSETCATALOG_COMPILER_GLOBAL_ACCENT_COLOR_NAME = AccentColor;
				CODE_SIGN_ENTITLEMENTS = Vinishko/Vinishko.entitlements;
				CODE_SIGN_STYLE = Automatic;
				CURRENT_PROJECT_VERSION = 30;
				DEVELOPMENT_ASSET_PATHS = "\"Vinishko/Preview Content\"";
				DEVELOPMENT_TEAM = 7GM9RUFL9F;
				ENABLE_PREVIEWS = YES;
				GENERATE_INFOPLIST_FILE = YES;
				INFOPLIST_FILE = Vinishko/Info.plist;
				INFOPLIST_KEY_LSApplicationCategoryType = "public.app-category.food-and-drink";
				INFOPLIST_KEY_NSCameraUsageDescription = "Access to the camera allows you to take photos for your tasting collection and scan QR-codes";
				INFOPLIST_KEY_NSPhotoLibraryUsageDescription = "Access to the photo library allows you to add photos to your tasting collection";
				INFOPLIST_KEY_UIApplicationSceneManifest_Generation = YES;
				INFOPLIST_KEY_UIApplicationSupportsIndirectInputEvents = YES;
				INFOPLIST_KEY_UILaunchScreen_Generation = YES;
				INFOPLIST_KEY_UISupportedInterfaceOrientations = UIInterfaceOrientationPortrait;
				INFOPLIST_KEY_UISupportedInterfaceOrientations_iPad = "UIInterfaceOrientationLandscapeLeft UIInterfaceOrientationLandscapeRight UIInterfaceOrientationPortrait UIInterfaceOrientationPortraitUpsideDown";
				IPHONEOS_DEPLOYMENT_TARGET = 15.0;
				LD_RUNPATH_SEARCH_PATHS = (
					"$(inherited)",
					"@executable_path/Frameworks",
				);
				MARKETING_VERSION = 2.0;
				PRODUCT_BUNDLE_IDENTIFIER = mttm1249.Vinishko;
				PRODUCT_NAME = "$(TARGET_NAME)";
				SUPPORTED_PLATFORMS = "iphoneos iphonesimulator";
				SUPPORTS_MACCATALYST = NO;
				SUPPORTS_MAC_DESIGNED_FOR_IPHONE_IPAD = NO;
				SWIFT_EMIT_LOC_STRINGS = YES;
				SWIFT_VERSION = 5.0;
				TARGETED_DEVICE_FAMILY = 1;
			};
			name = Debug;
		};
		DA7CCBB82A543B9E00C5876D /* Release */ = {
			isa = XCBuildConfiguration;
			buildSettings = {
				ASSETCATALOG_COMPILER_APPICON_NAME = AppIcon;
				ASSETCATALOG_COMPILER_GLOBAL_ACCENT_COLOR_NAME = AccentColor;
				CODE_SIGN_ENTITLEMENTS = Vinishko/Vinishko.entitlements;
				CODE_SIGN_STYLE = Automatic;
				CURRENT_PROJECT_VERSION = 30;
				DEVELOPMENT_ASSET_PATHS = "\"Vinishko/Preview Content\"";
				DEVELOPMENT_TEAM = 7GM9RUFL9F;
				ENABLE_PREVIEWS = YES;
				GENERATE_INFOPLIST_FILE = YES;
				INFOPLIST_FILE = Vinishko/Info.plist;
				INFOPLIST_KEY_LSApplicationCategoryType = "public.app-category.food-and-drink";
				INFOPLIST_KEY_NSCameraUsageDescription = "Access to the camera allows you to take photos for your tasting collection and scan QR-codes";
				INFOPLIST_KEY_NSPhotoLibraryUsageDescription = "Access to the photo library allows you to add photos to your tasting collection";
				INFOPLIST_KEY_UIApplicationSceneManifest_Generation = YES;
				INFOPLIST_KEY_UIApplicationSupportsIndirectInputEvents = YES;
				INFOPLIST_KEY_UILaunchScreen_Generation = YES;
				INFOPLIST_KEY_UISupportedInterfaceOrientations = UIInterfaceOrientationPortrait;
				INFOPLIST_KEY_UISupportedInterfaceOrientations_iPad = "UIInterfaceOrientationLandscapeLeft UIInterfaceOrientationLandscapeRight UIInterfaceOrientationPortrait UIInterfaceOrientationPortraitUpsideDown";
				IPHONEOS_DEPLOYMENT_TARGET = 15.0;
				LD_RUNPATH_SEARCH_PATHS = (
					"$(inherited)",
					"@executable_path/Frameworks",
				);
				MARKETING_VERSION = 2.0;
				PRODUCT_BUNDLE_IDENTIFIER = mttm1249.Vinishko;
				PRODUCT_NAME = "$(TARGET_NAME)";
				SUPPORTED_PLATFORMS = "iphoneos iphonesimulator";
				SUPPORTS_MACCATALYST = NO;
				SUPPORTS_MAC_DESIGNED_FOR_IPHONE_IPAD = NO;
				SWIFT_EMIT_LOC_STRINGS = YES;
				SWIFT_VERSION = 5.0;
				TARGETED_DEVICE_FAMILY = 1;
			};
			name = Release;
		};
/* End XCBuildConfiguration section */

/* Begin XCConfigurationList section */
		DA7CCB9D2A543B9D00C5876D /* Build configuration list for PBXProject "Vinishko" */ = {
			isa = XCConfigurationList;
			buildConfigurations = (
				DA7CCBB42A543B9E00C5876D /* Debug */,
				DA7CCBB52A543B9E00C5876D /* Release */,
			);
			defaultConfigurationIsVisible = 0;
			defaultConfigurationName = Release;
		};
		DA7CCBB62A543B9E00C5876D /* Build configuration list for PBXNativeTarget "Vinishko" */ = {
			isa = XCConfigurationList;
			buildConfigurations = (
				DA7CCBB72A543B9E00C5876D /* Debug */,
				DA7CCBB82A543B9E00C5876D /* Release */,
			);
			defaultConfigurationIsVisible = 0;
			defaultConfigurationName = Release;
		};
/* End XCConfigurationList section */

/* Begin XCVersionGroup section */
		DA7CCBB02A543B9E00C5876D /* Vinishko.xcdatamodeld */ = {
			isa = XCVersionGroup;
			children = (
				DA7CCBB12A543B9E00C5876D /* Vinishko.xcdatamodel */,
			);
			currentVersion = DA7CCBB12A543B9E00C5876D /* Vinishko.xcdatamodel */;
			path = Vinishko.xcdatamodeld;
			sourceTree = "<group>";
			versionGroupType = wrapper.xcdatamodel;
		};
/* End XCVersionGroup section */
	};
	rootObject = DA7CCB9A2A543B9D00C5876D /* Project object */;
}
