// !$*UTF8*$!
{
	archiveVersion = 1;
	classes = {
	};
	objectVersion = 56;
	objects = {

/* Begin PBXBuildFile section */
		520E2F7B2990E10200EBE8F5 /* SettingsCell.swift in Sources */ = {isa = PBXBuildFile; fileRef = 520E2F7A2990E10200EBE8F5 /* SettingsCell.swift */; };
		520E2F7E2990E14E00EBE8F5 /* SettingsViewController.swift in Sources */ = {isa = PBXBuildFile; fileRef = 520E2F7D2990E14E00EBE8F5 /* SettingsViewController.swift */; };
		520E2F802990E16700EBE8F5 /* SettingsViewModel.swift in Sources */ = {isa = PBXBuildFile; fileRef = 520E2F7F2990E16700EBE8F5 /* SettingsViewModel.swift */; };
		52A73CB529D4685600E2921C /* GoogleService-Info.plist in Resources */ = {isa = PBXBuildFile; fileRef = 52A73CB429D4685600E2921C /* GoogleService-Info.plist */; };
		52AAAD6029E8281300D59F79 /* SyncManager.swift in Sources */ = {isa = PBXBuildFile; fileRef = 52AAAD5F29E8281300D59F79 /* SyncManager.swift */; };
		52B25A2929E93043000F9BAA /* PieView.swift in Sources */ = {isa = PBXBuildFile; fileRef = 52B25A2829E93043000F9BAA /* PieView.swift */; };
		52B942EB2991062B00DD6F10 /* FirebaseStorage in Frameworks */ = {isa = PBXBuildFile; productRef = 52B942EA2991062B00DD6F10 /* FirebaseStorage */; };
		52B942ED2991107700DD6F10 /* NetworkManager.swift in Sources */ = {isa = PBXBuildFile; fileRef = 52B942EC2991107700DD6F10 /* NetworkManager.swift */; };
		52E85C2A2992C782000FF411 /* WaveView.swift in Sources */ = {isa = PBXBuildFile; fileRef = 52E85C292992C782000FF411 /* WaveView.swift */; };
		DA2620CF297FC0BC00948E08 /* Localizable.strings in Resources */ = {isa = PBXBuildFile; fileRef = DA2620D1297FC0BC00948E08 /* Localizable.strings */; };
		DA2620DC297FCCED00948E08 /* LocalizableText.swift in Sources */ = {isa = PBXBuildFile; fileRef = DA2620DB297FCCED00948E08 /* LocalizableText.swift */; };
		DA27684E28ED67D0008556CD /* FilterViewController.swift in Sources */ = {isa = PBXBuildFile; fileRef = DA27684D28ED67D0008556CD /* FilterViewController.swift */; };
		DA40393A28E990C200A5E5AE /* BottleCell.swift in Sources */ = {isa = PBXBuildFile; fileRef = DA40393928E990C200A5E5AE /* BottleCell.swift */; };
		DA40394328E995AF00A5E5AE /* Shadows.swift in Sources */ = {isa = PBXBuildFile; fileRef = DA40394228E995AF00A5E5AE /* Shadows.swift */; };
		DA40394528E99FB400A5E5AE /* MainViewController.swift in Sources */ = {isa = PBXBuildFile; fileRef = DA40394428E99FB400A5E5AE /* MainViewController.swift */; };
		DA40394728E9A71500A5E5AE /* Time.swift in Sources */ = {isa = PBXBuildFile; fileRef = DA40394628E9A71500A5E5AE /* Time.swift */; };
		DA4359132982E3DF0073ADA6 /* QRGenerator.swift in Sources */ = {isa = PBXBuildFile; fileRef = DA4359122982E3DF0073ADA6 /* QRGenerator.swift */; };
		DA4359152982E7830073ADA6 /* QRViewController.swift in Sources */ = {isa = PBXBuildFile; fileRef = DA4359142982E7830073ADA6 /* QRViewController.swift */; };
		DA64201C28E865DA00E03CB2 /* AppDelegate.swift in Sources */ = {isa = PBXBuildFile; fileRef = DA64201B28E865DA00E03CB2 /* AppDelegate.swift */; };
		DA64201E28E865DA00E03CB2 /* SceneDelegate.swift in Sources */ = {isa = PBXBuildFile; fileRef = DA64201D28E865DA00E03CB2 /* SceneDelegate.swift */; };
		DA64202028E865DA00E03CB2 /* NewBottleViewController.swift in Sources */ = {isa = PBXBuildFile; fileRef = DA64201F28E865DA00E03CB2 /* NewBottleViewController.swift */; };
		DA64202328E865DA00E03CB2 /* Main.storyboard in Resources */ = {isa = PBXBuildFile; fileRef = DA64202128E865DA00E03CB2 /* Main.storyboard */; };
		DA64202528E865DB00E03CB2 /* Assets.xcassets in Resources */ = {isa = PBXBuildFile; fileRef = DA64202428E865DB00E03CB2 /* Assets.xcassets */; };
		DA64202828E865DB00E03CB2 /* LaunchScreen.storyboard in Resources */ = {isa = PBXBuildFile; fileRef = DA64202628E865DB00E03CB2 /* LaunchScreen.storyboard */; };
		DA64203328E86A3500E03CB2 /* StorageManager.swift in Sources */ = {isa = PBXBuildFile; fileRef = DA64203228E86A3500E03CB2 /* StorageManager.swift */; };
		DA64203528E86ABF00E03CB2 /* BottleModel.swift in Sources */ = {isa = PBXBuildFile; fileRef = DA64203428E86ABF00E03CB2 /* BottleModel.swift */; };
		DA65B12D295EF3870077DD72 /* CloudConfig.swift in Sources */ = {isa = PBXBuildFile; fileRef = DA65B12C295EF3870077DD72 /* CloudConfig.swift */; };
		DA672CEB28EAD8A900680ACC /* RatingControl.swift in Sources */ = {isa = PBXBuildFile; fileRef = DA672CEA28EAD8A900680ACC /* RatingControl.swift */; };
		DA84FA3C28E870DD006C9DED /* BottlesListViewController.swift in Sources */ = {isa = PBXBuildFile; fileRef = DA84FA3B28E870DD006C9DED /* BottlesListViewController.swift */; };
		DA8E2D61295D7958007DF897 /* RealmSwift in Frameworks */ = {isa = PBXBuildFile; productRef = DA8E2D60295D7958007DF897 /* RealmSwift */; };
		DA9690A128ED80A700CEEFCE /* PopoverTableViewController.swift in Sources */ = {isa = PBXBuildFile; fileRef = DA9690A028ED80A700CEEFCE /* PopoverTableViewController.swift */; };
		DA9690A328EDBE7400CEEFCE /* FilterManager.swift in Sources */ = {isa = PBXBuildFile; fileRef = DA9690A228EDBE7400CEEFCE /* FilterManager.swift */; };
		DAA49822295EC7AD00C3DF60 /* CloudManager.swift in Sources */ = {isa = PBXBuildFile; fileRef = DAA49821295EC7AD00C3DF60 /* CloudManager.swift */; };
		DAAB0843295D7BB2001542B8 /* InfoPlist.strings in Resources */ = {isa = PBXBuildFile; fileRef = DAAB0845295D7BB2001542B8 /* InfoPlist.strings */; };
		DAB1264D28F021D40090E9D0 /* .gitignore in Resources */ = {isa = PBXBuildFile; fileRef = DAB1264C28F021D40090E9D0 /* .gitignore */; };
		DAB7C5C52983B19C00BB8545 /* QRScannerViewController.swift in Sources */ = {isa = PBXBuildFile; fileRef = DAB7C5C42983B19C00BB8545 /* QRScannerViewController.swift */; };
		DABD3DCD28EB38E1003D84FA /* Colors.swift in Sources */ = {isa = PBXBuildFile; fileRef = DABD3DCC28EB38E1003D84FA /* Colors.swift */; };
		DAC175DE292A4980001639B7 /* BottleViewController.swift in Sources */ = {isa = PBXBuildFile; fileRef = DAC175DD292A4980001639B7 /* BottleViewController.swift */; };
		DACAE73D2959CD18002E538A /* BottleCell.xib in Resources */ = {isa = PBXBuildFile; fileRef = DACAE73F2959CD18002E538A /* BottleCell.xib */; };
		DAE575EA28EAE3CD00F22741 /* Extensions.swift in Sources */ = {isa = PBXBuildFile; fileRef = DAE575E928EAE3CD00F22741 /* Extensions.swift */; };
/* End PBXBuildFile section */

/* Begin PBXFileReference section */
		520E2F7A2990E10200EBE8F5 /* SettingsCell.swift */ = {isa = PBXFileReference; lastKnownFileType = sourcecode.swift; path = SettingsCell.swift; sourceTree = "<group>"; };
		520E2F7D2990E14E00EBE8F5 /* SettingsViewController.swift */ = {isa = PBXFileReference; lastKnownFileType = sourcecode.swift; path = SettingsViewController.swift; sourceTree = "<group>"; };
		520E2F7F2990E16700EBE8F5 /* SettingsViewModel.swift */ = {isa = PBXFileReference; lastKnownFileType = sourcecode.swift; path = SettingsViewModel.swift; sourceTree = "<group>"; };
		52A73CB429D4685600E2921C /* GoogleService-Info.plist */ = {isa = PBXFileReference; fileEncoding = 4; lastKnownFileType = text.plist.xml; path = "GoogleService-Info.plist"; sourceTree = "<group>"; };
		52AAAD5F29E8281300D59F79 /* SyncManager.swift */ = {isa = PBXFileReference; lastKnownFileType = sourcecode.swift; path = SyncManager.swift; sourceTree = "<group>"; };
		52B25A2829E93043000F9BAA /* PieView.swift */ = {isa = PBXFileReference; lastKnownFileType = sourcecode.swift; path = PieView.swift; sourceTree = "<group>"; };
		52B942EC2991107700DD6F10 /* NetworkManager.swift */ = {isa = PBXFileReference; lastKnownFileType = sourcecode.swift; path = NetworkManager.swift; sourceTree = "<group>"; };
		52E85C292992C782000FF411 /* WaveView.swift */ = {isa = PBXFileReference; lastKnownFileType = sourcecode.swift; path = WaveView.swift; sourceTree = "<group>"; };
		DA2620D0297FC0BC00948E08 /* en */ = {isa = PBXFileReference; lastKnownFileType = text.plist.strings; name = en; path = en.lproj/Localizable.strings; sourceTree = "<group>"; };
		DA2620D2297FC0BF00948E08 /* ru */ = {isa = PBXFileReference; lastKnownFileType = text.plist.strings; name = ru; path = ru.lproj/Localizable.strings; sourceTree = "<group>"; };
		DA2620D6297FC10100948E08 /* en */ = {isa = PBXFileReference; lastKnownFileType = text.plist.strings; name = en; path = en.lproj/BottleCell.strings; sourceTree = "<group>"; };
		DA2620D9297FC2B100948E08 /* en */ = {isa = PBXFileReference; lastKnownFileType = text.plist.strings; name = en; path = en.lproj/Main.strings; sourceTree = "<group>"; };
		DA2620DA297FC2B500948E08 /* ru */ = {isa = PBXFileReference; lastKnownFileType = text.plist.strings; name = ru; path = ru.lproj/Main.strings; sourceTree = "<group>"; };
		DA2620DB297FCCED00948E08 /* LocalizableText.swift */ = {isa = PBXFileReference; fileEncoding = 4; lastKnownFileType = sourcecode.swift; path = LocalizableText.swift; sourceTree = "<group>"; };
		DA27684D28ED67D0008556CD /* FilterViewController.swift */ = {isa = PBXFileReference; lastKnownFileType = sourcecode.swift; path = FilterViewController.swift; sourceTree = "<group>"; };
		DA40393928E990C200A5E5AE /* BottleCell.swift */ = {isa = PBXFileReference; lastKnownFileType = sourcecode.swift; path = BottleCell.swift; sourceTree = "<group>"; };
		DA40394228E995AF00A5E5AE /* Shadows.swift */ = {isa = PBXFileReference; fileEncoding = 4; lastKnownFileType = sourcecode.swift; path = Shadows.swift; sourceTree = "<group>"; };
		DA40394428E99FB400A5E5AE /* MainViewController.swift */ = {isa = PBXFileReference; lastKnownFileType = sourcecode.swift; path = MainViewController.swift; sourceTree = "<group>"; };
		DA40394628E9A71500A5E5AE /* Time.swift */ = {isa = PBXFileReference; lastKnownFileType = sourcecode.swift; path = Time.swift; sourceTree = "<group>"; };
		DA4359122982E3DF0073ADA6 /* QRGenerator.swift */ = {isa = PBXFileReference; lastKnownFileType = sourcecode.swift; path = QRGenerator.swift; sourceTree = "<group>"; };
		DA4359142982E7830073ADA6 /* QRViewController.swift */ = {isa = PBXFileReference; lastKnownFileType = sourcecode.swift; path = QRViewController.swift; sourceTree = "<group>"; };
		DA64201828E865DA00E03CB2 /* Vinishko.app */ = {isa = PBXFileReference; explicitFileType = wrapper.application; includeInIndex = 0; path = Vinishko.app; sourceTree = BUILT_PRODUCTS_DIR; };
		DA64201B28E865DA00E03CB2 /* AppDelegate.swift */ = {isa = PBXFileReference; lastKnownFileType = sourcecode.swift; path = AppDelegate.swift; sourceTree = "<group>"; };
		DA64201D28E865DA00E03CB2 /* SceneDelegate.swift */ = {isa = PBXFileReference; lastKnownFileType = sourcecode.swift; path = SceneDelegate.swift; sourceTree = "<group>"; };
		DA64201F28E865DA00E03CB2 /* NewBottleViewController.swift */ = {isa = PBXFileReference; lastKnownFileType = sourcecode.swift; path = NewBottleViewController.swift; sourceTree = "<group>"; };
		DA64202228E865DA00E03CB2 /* Base */ = {isa = PBXFileReference; lastKnownFileType = file.storyboard; name = Base; path = Base.lproj/Main.storyboard; sourceTree = "<group>"; };
		DA64202428E865DB00E03CB2 /* Assets.xcassets */ = {isa = PBXFileReference; lastKnownFileType = folder.assetcatalog; path = Assets.xcassets; sourceTree = "<group>"; };
		DA64202728E865DB00E03CB2 /* Base */ = {isa = PBXFileReference; lastKnownFileType = file.storyboard; name = Base; path = Base.lproj/LaunchScreen.storyboard; sourceTree = "<group>"; };
		DA64203228E86A3500E03CB2 /* StorageManager.swift */ = {isa = PBXFileReference; lastKnownFileType = sourcecode.swift; path = StorageManager.swift; sourceTree = "<group>"; };
		DA64203428E86ABF00E03CB2 /* BottleModel.swift */ = {isa = PBXFileReference; lastKnownFileType = sourcecode.swift; path = BottleModel.swift; sourceTree = "<group>"; };
		DA65B12C295EF3870077DD72 /* CloudConfig.swift */ = {isa = PBXFileReference; lastKnownFileType = sourcecode.swift; path = CloudConfig.swift; sourceTree = "<group>"; };
		DA672CEA28EAD8A900680ACC /* RatingControl.swift */ = {isa = PBXFileReference; lastKnownFileType = sourcecode.swift; path = RatingControl.swift; sourceTree = "<group>"; };
		DA84FA3B28E870DD006C9DED /* BottlesListViewController.swift */ = {isa = PBXFileReference; lastKnownFileType = sourcecode.swift; path = BottlesListViewController.swift; sourceTree = "<group>"; };
		DA8E2D5D295D778C007DF897 /* Info.plist */ = {isa = PBXFileReference; fileEncoding = 4; lastKnownFileType = text.plist.xml; path = Info.plist; sourceTree = "<group>"; };
		DA9690A028ED80A700CEEFCE /* PopoverTableViewController.swift */ = {isa = PBXFileReference; lastKnownFileType = sourcecode.swift; path = PopoverTableViewController.swift; sourceTree = "<group>"; };
		DA9690A228EDBE7400CEEFCE /* FilterManager.swift */ = {isa = PBXFileReference; lastKnownFileType = sourcecode.swift; path = FilterManager.swift; sourceTree = "<group>"; };
		DAA49821295EC7AD00C3DF60 /* CloudManager.swift */ = {isa = PBXFileReference; lastKnownFileType = sourcecode.swift; path = CloudManager.swift; sourceTree = "<group>"; };
		DAAB0844295D7BB2001542B8 /* ru */ = {isa = PBXFileReference; lastKnownFileType = text.plist.strings; name = ru; path = ru.lproj/InfoPlist.strings; sourceTree = "<group>"; };
		DAB1264C28F021D40090E9D0 /* .gitignore */ = {isa = PBXFileReference; fileEncoding = 4; lastKnownFileType = text; path = .gitignore; sourceTree = "<group>"; };
		DAB7C5C42983B19C00BB8545 /* QRScannerViewController.swift */ = {isa = PBXFileReference; lastKnownFileType = sourcecode.swift; path = QRScannerViewController.swift; sourceTree = "<group>"; };
		DABD3DCC28EB38E1003D84FA /* Colors.swift */ = {isa = PBXFileReference; lastKnownFileType = sourcecode.swift; path = Colors.swift; sourceTree = "<group>"; };
		DAC175DD292A4980001639B7 /* BottleViewController.swift */ = {isa = PBXFileReference; lastKnownFileType = sourcecode.swift; path = BottleViewController.swift; sourceTree = "<group>"; };
		DACAE7382959B821002E538A /* ru */ = {isa = PBXFileReference; lastKnownFileType = text.plist.strings; name = ru; path = ru.lproj/LaunchScreen.strings; sourceTree = "<group>"; };
		DACAE7422959CD74002E538A /* ru */ = {isa = PBXFileReference; lastKnownFileType = text.plist.strings; name = ru; path = ru.lproj/BottleCell.strings; sourceTree = "<group>"; };
		DACAE7432959CD86002E538A /* Base */ = {isa = PBXFileReference; lastKnownFileType = file.xib; name = Base; path = Base.lproj/BottleCell.xib; sourceTree = "<group>"; };
		DAE53AAD295F60DE00B76985 /* Vinishko.entitlements */ = {isa = PBXFileReference; fileEncoding = 4; lastKnownFileType = text.plist.entitlements; path = Vinishko.entitlements; sourceTree = "<group>"; };
		DAE575E928EAE3CD00F22741 /* Extensions.swift */ = {isa = PBXFileReference; lastKnownFileType = sourcecode.swift; path = Extensions.swift; sourceTree = "<group>"; };
/* End PBXFileReference section */

/* Begin PBXFrameworksBuildPhase section */
		DA64201528E865DA00E03CB2 /* Frameworks */ = {
			isa = PBXFrameworksBuildPhase;
			buildActionMask = 2147483647;
			files = (
				DA8E2D61295D7958007DF897 /* RealmSwift in Frameworks */,
				52B942EB2991062B00DD6F10 /* FirebaseStorage in Frameworks */,
			);
			runOnlyForDeploymentPostprocessing = 0;
		};
/* End PBXFrameworksBuildPhase section */

/* Begin PBXGroup section */
		5204B0182990104100648252 /* Localization */ = {
			isa = PBXGroup;
			children = (
				DAAB0845295D7BB2001542B8 /* InfoPlist.strings */,
				DA2620DB297FCCED00948E08 /* LocalizableText.swift */,
				DA2620D1297FC0BC00948E08 /* Localizable.strings */,
			);
			path = Localization;
			sourceTree = "<group>";
		};
		520E2F792990E0BD00EBE8F5 /* BottleCell */ = {
			isa = PBXGroup;
			children = (
				DA40393928E990C200A5E5AE /* BottleCell.swift */,
				DACAE73F2959CD18002E538A /* BottleCell.xib */,
			);
			path = BottleCell;
			sourceTree = "<group>";
		};
		520E2F7C2990E11400EBE8F5 /* SettingsCell */ = {
			isa = PBXGroup;
			children = (
				520E2F7A2990E10200EBE8F5 /* SettingsCell.swift */,
			);
			path = SettingsCell;
			sourceTree = "<group>";
		};
		520E2F812990E16D00EBE8F5 /* SettingsPage */ = {
			isa = PBXGroup;
			children = (
				520E2F7D2990E14E00EBE8F5 /* SettingsViewController.swift */,
				520E2F7F2990E16700EBE8F5 /* SettingsViewModel.swift */,
			);
			path = SettingsPage;
			sourceTree = "<group>";
		};
		DA40393D28E990E000A5E5AE /* Cells */ = {
			isa = PBXGroup;
			children = (
				520E2F792990E0BD00EBE8F5 /* BottleCell */,
				520E2F7C2990E11400EBE8F5 /* SettingsCell */,
			);
			path = Cells;
			sourceTree = "<group>";
		};
		DA40393E28E9910200A5E5AE /* Controllers */ = {
			isa = PBXGroup;
			children = (
				DA40394428E99FB400A5E5AE /* MainViewController.swift */,
				DA64201F28E865DA00E03CB2 /* NewBottleViewController.swift */,
				DAC175DD292A4980001639B7 /* BottleViewController.swift */,
				DA84FA3B28E870DD006C9DED /* BottlesListViewController.swift */,
				DA27684D28ED67D0008556CD /* FilterViewController.swift */,
				DA9690A028ED80A700CEEFCE /* PopoverTableViewController.swift */,
				DAB7C5C42983B19C00BB8545 /* QRScannerViewController.swift */,
				DA4359142982E7830073ADA6 /* QRViewController.swift */,
				520E2F812990E16D00EBE8F5 /* SettingsPage */,
			);
			path = Controllers;
			sourceTree = "<group>";
		};
		DA40393F28E9911400A5E5AE /* Model */ = {
			isa = PBXGroup;
			children = (
				DA64203428E86ABF00E03CB2 /* BottleModel.swift */,
			);
			path = Model;
			sourceTree = "<group>";
		};
		DA40394028E9912000A5E5AE /* Supporting Files */ = {
			isa = PBXGroup;
			children = (
				5204B0182990104100648252 /* Localization */,
				DA64201B28E865DA00E03CB2 /* AppDelegate.swift */,
				DAE575E928EAE3CD00F22741 /* Extensions.swift */,
				DA64201D28E865DA00E03CB2 /* SceneDelegate.swift */,
				DA64202428E865DB00E03CB2 /* Assets.xcassets */,
				52A73CB429D4685600E2921C /* GoogleService-Info.plist */,
				DA8E2D5D295D778C007DF897 /* Info.plist */,
			);
			path = "Supporting Files";
			sourceTree = "<group>";
		};
		DA40394128E9917200A5E5AE /* View */ = {
			isa = PBXGroup;
			children = (
				52B25A2829E93043000F9BAA /* PieView.swift */,
				52E85C292992C782000FF411 /* WaveView.swift */,
				DA40393D28E990E000A5E5AE /* Cells */,
				DA64202128E865DA00E03CB2 /* Main.storyboard */,
				DA64202628E865DB00E03CB2 /* LaunchScreen.storyboard */,
			);
			path = View;
			sourceTree = "<group>";
		};
		DA64200F28E865DA00E03CB2 = {
			isa = PBXGroup;
			children = (
				DA64201A28E865DA00E03CB2 /* Vinishko */,
				DA64201928E865DA00E03CB2 /* Products */,
			);
			sourceTree = "<group>";
		};
		DA64201928E865DA00E03CB2 /* Products */ = {
			isa = PBXGroup;
			children = (
				DA64201828E865DA00E03CB2 /* Vinishko.app */,
			);
			name = Products;
			sourceTree = "<group>";
		};
		DA64201A28E865DA00E03CB2 /* Vinishko */ = {
			isa = PBXGroup;
			children = (
				DAB1264C28F021D40090E9D0 /* .gitignore */,
				DAE53AAD295F60DE00B76985 /* Vinishko.entitlements */,
				DA40393F28E9911400A5E5AE /* Model */,
				DA40394128E9917200A5E5AE /* View */,
				DA40393E28E9910200A5E5AE /* Controllers */,
				DA672CEC28EAD94400680ACC /* Helpers */,
				DA40394028E9912000A5E5AE /* Supporting Files */,
			);
			path = Vinishko;
			sourceTree = "<group>";
		};
		DA672CEC28EAD94400680ACC /* Helpers */ = {
			isa = PBXGroup;
			children = (
				DA4359122982E3DF0073ADA6 /* QRGenerator.swift */,
				52B942EC2991107700DD6F10 /* NetworkManager.swift */,
				DABD3DCC28EB38E1003D84FA /* Colors.swift */,
				DA9690A228EDBE7400CEEFCE /* FilterManager.swift */,
				DA40394228E995AF00A5E5AE /* Shadows.swift */,
				DA672CEA28EAD8A900680ACC /* RatingControl.swift */,
				DA64203228E86A3500E03CB2 /* StorageManager.swift */,
				DAA49821295EC7AD00C3DF60 /* CloudManager.swift */,
				DA65B12C295EF3870077DD72 /* CloudConfig.swift */,
				52AAAD5F29E8281300D59F79 /* SyncManager.swift */,
				DA40394628E9A71500A5E5AE /* Time.swift */,
			);
			path = Helpers;
			sourceTree = "<group>";
		};
/* End PBXGroup section */

/* Begin PBXNativeTarget section */
		DA64201728E865DA00E03CB2 /* Vinishko */ = {
			isa = PBXNativeTarget;
			buildConfigurationList = DA64202C28E865DB00E03CB2 /* Build configuration list for PBXNativeTarget "Vinishko" */;
			buildPhases = (
				DA64201428E865DA00E03CB2 /* Sources */,
				DA64201528E865DA00E03CB2 /* Frameworks */,
				DA64201628E865DA00E03CB2 /* Resources */,
			);
			buildRules = (
			);
			dependencies = (
			);
			name = Vinishko;
			packageProductDependencies = (
				DA8E2D60295D7958007DF897 /* RealmSwift */,
				52B942EA2991062B00DD6F10 /* FirebaseStorage */,
			);
			productName = Vinishko;
			productReference = DA64201828E865DA00E03CB2 /* Vinishko.app */;
			productType = "com.apple.product-type.application";
		};
/* End PBXNativeTarget section */

/* Begin PBXProject section */
		DA64201028E865DA00E03CB2 /* Project object */ = {
			isa = PBXProject;
			attributes = {
				BuildIndependentTargetsInParallel = 1;
				LastSwiftUpdateCheck = 1400;
				LastUpgradeCheck = 1400;
				TargetAttributes = {
					DA64201728E865DA00E03CB2 = {
						CreatedOnToolsVersion = 14.0.1;
					};
				};
			};
			buildConfigurationList = DA64201328E865DA00E03CB2 /* Build configuration list for PBXProject "Vinishko" */;
			compatibilityVersion = "Xcode 14.0";
			developmentRegion = en;
			hasScannedForEncodings = 0;
			knownRegions = (
				en,
				Base,
				ru,
			);
			mainGroup = DA64200F28E865DA00E03CB2;
			packageReferences = (
				DA8E2D5F295D7958007DF897 /* XCRemoteSwiftPackageReference "realm-swift" */,
				52B942E92991062B00DD6F10 /* XCRemoteSwiftPackageReference "firebase-ios-sdk" */,
			);
			productRefGroup = DA64201928E865DA00E03CB2 /* Products */;
			projectDirPath = "";
			projectRoot = "";
			targets = (
				DA64201728E865DA00E03CB2 /* Vinishko */,
			);
		};
/* End PBXProject section */

/* Begin PBXResourcesBuildPhase section */
		DA64201628E865DA00E03CB2 /* Resources */ = {
			isa = PBXResourcesBuildPhase;
			buildActionMask = 2147483647;
			files = (
				DAB1264D28F021D40090E9D0 /* .gitignore in Resources */,
				52A73CB529D4685600E2921C /* GoogleService-Info.plist in Resources */,
				DAAB0843295D7BB2001542B8 /* InfoPlist.strings in Resources */,
				DA64202828E865DB00E03CB2 /* LaunchScreen.storyboard in Resources */,
				DA2620CF297FC0BC00948E08 /* Localizable.strings in Resources */,
				DACAE73D2959CD18002E538A /* BottleCell.xib in Resources */,
				DA64202528E865DB00E03CB2 /* Assets.xcassets in Resources */,
				DA64202328E865DA00E03CB2 /* Main.storyboard in Resources */,
			);
			runOnlyForDeploymentPostprocessing = 0;
		};
/* End PBXResourcesBuildPhase section */

/* Begin PBXSourcesBuildPhase section */
		DA64201428E865DA00E03CB2 /* Sources */ = {
			isa = PBXSourcesBuildPhase;
			buildActionMask = 2147483647;
			files = (
				52B942ED2991107700DD6F10 /* NetworkManager.swift in Sources */,
				DA27684E28ED67D0008556CD /* FilterViewController.swift in Sources */,
				DA9690A128ED80A700CEEFCE /* PopoverTableViewController.swift in Sources */,
				DAC175DE292A4980001639B7 /* BottleViewController.swift in Sources */,
				DA2620DC297FCCED00948E08 /* LocalizableText.swift in Sources */,
				DA64202028E865DA00E03CB2 /* NewBottleViewController.swift in Sources */,
				DA4359152982E7830073ADA6 /* QRViewController.swift in Sources */,
				DA65B12D295EF3870077DD72 /* CloudConfig.swift in Sources */,
				DAB7C5C52983B19C00BB8545 /* QRScannerViewController.swift in Sources */,
				520E2F7E2990E14E00EBE8F5 /* SettingsViewController.swift in Sources */,
				DA4359132982E3DF0073ADA6 /* QRGenerator.swift in Sources */,
				DA672CEB28EAD8A900680ACC /* RatingControl.swift in Sources */,
				DA64201C28E865DA00E03CB2 /* AppDelegate.swift in Sources */,
				DA40394728E9A71500A5E5AE /* Time.swift in Sources */,
				DA64203528E86ABF00E03CB2 /* BottleModel.swift in Sources */,
				DA64201E28E865DA00E03CB2 /* SceneDelegate.swift in Sources */,
				52E85C2A2992C782000FF411 /* WaveView.swift in Sources */,
				52B25A2929E93043000F9BAA /* PieView.swift in Sources */,
				520E2F7B2990E10200EBE8F5 /* SettingsCell.swift in Sources */,
				DAA49822295EC7AD00C3DF60 /* CloudManager.swift in Sources */,
				DA84FA3C28E870DD006C9DED /* BottlesListViewController.swift in Sources */,
				DAE575EA28EAE3CD00F22741 /* Extensions.swift in Sources */,
				DABD3DCD28EB38E1003D84FA /* Colors.swift in Sources */,
				52AAAD6029E8281300D59F79 /* SyncManager.swift in Sources */,
				DA40393A28E990C200A5E5AE /* BottleCell.swift in Sources */,
				520E2F802990E16700EBE8F5 /* SettingsViewModel.swift in Sources */,
				DA40394528E99FB400A5E5AE /* MainViewController.swift in Sources */,
				DA40394328E995AF00A5E5AE /* Shadows.swift in Sources */,
				DA64203328E86A3500E03CB2 /* StorageManager.swift in Sources */,
				DA9690A328EDBE7400CEEFCE /* FilterManager.swift in Sources */,
			);
			runOnlyForDeploymentPostprocessing = 0;
		};
/* End PBXSourcesBuildPhase section */

/* Begin PBXVariantGroup section */
		DA2620D1297FC0BC00948E08 /* Localizable.strings */ = {
			isa = PBXVariantGroup;
			children = (
				DA2620D0297FC0BC00948E08 /* en */,
				DA2620D2297FC0BF00948E08 /* ru */,
			);
			name = Localizable.strings;
			sourceTree = "<group>";
		};
		DA64202128E865DA00E03CB2 /* Main.storyboard */ = {
			isa = PBXVariantGroup;
			children = (
				DA64202228E865DA00E03CB2 /* Base */,
				DA2620D9297FC2B100948E08 /* en */,
				DA2620DA297FC2B500948E08 /* ru */,
			);
			name = Main.storyboard;
			sourceTree = "<group>";
		};
		DA64202628E865DB00E03CB2 /* LaunchScreen.storyboard */ = {
			isa = PBXVariantGroup;
			children = (
				DA64202728E865DB00E03CB2 /* Base */,
				DACAE7382959B821002E538A /* ru */,
			);
			name = LaunchScreen.storyboard;
			sourceTree = "<group>";
		};
		DAAB0845295D7BB2001542B8 /* InfoPlist.strings */ = {
			isa = PBXVariantGroup;
			children = (
				DAAB0844295D7BB2001542B8 /* ru */,
			);
			name = InfoPlist.strings;
			sourceTree = "<group>";
		};
		DACAE73F2959CD18002E538A /* BottleCell.xib */ = {
			isa = PBXVariantGroup;
			children = (
				DACAE7422959CD74002E538A /* ru */,
				DACAE7432959CD86002E538A /* Base */,
				DA2620D6297FC10100948E08 /* en */,
			);
			name = BottleCell.xib;
			sourceTree = "<group>";
		};
/* End PBXVariantGroup section */

/* Begin XCBuildConfiguration section */
		DA64202A28E865DB00E03CB2 /* Debug */ = {
			isa = XCBuildConfiguration;
			buildSettings = {
				ALWAYS_SEARCH_USER_PATHS = NO;
				CLANG_ANALYZER_LOCALIZABILITY_NONLOCALIZED = YES;
				CLANG_ANALYZER_NONNULL = YES;
				CLANG_ANALYZER_NUMBER_OBJECT_CONVERSION = YES_AGGRESSIVE;
				CLANG_CXX_LANGUAGE_STANDARD = "gnu++20";
				CLANG_ENABLE_MODULES = YES;
				CLANG_ENABLE_OBJC_ARC = YES;
				CLANG_ENABLE_OBJC_WEAK = YES;
				CLANG_WARN_BLOCK_CAPTURE_AUTORELEASING = YES;
				CLANG_WARN_BOOL_CONVERSION = YES;
				CLANG_WARN_COMMA = YES;
				CLANG_WARN_CONSTANT_CONVERSION = YES;
				CLANG_WARN_DEPRECATED_OBJC_IMPLEMENTATIONS = YES;
				CLANG_WARN_DIRECT_OBJC_ISA_USAGE = YES_ERROR;
				CLANG_WARN_DOCUMENTATION_COMMENTS = YES;
				CLANG_WARN_EMPTY_BODY = YES;
				CLANG_WARN_ENUM_CONVERSION = YES;
				CLANG_WARN_INFINITE_RECURSION = YES;
				CLANG_WARN_INT_CONVERSION = YES;
				CLANG_WARN_NON_LITERAL_NULL_CONVERSION = YES;
				CLANG_WARN_OBJC_IMPLICIT_RETAIN_SELF = YES;
				CLANG_WARN_OBJC_LITERAL_CONVERSION = YES;
				CLANG_WARN_OBJC_ROOT_CLASS = YES_ERROR;
				CLANG_WARN_QUOTED_INCLUDE_IN_FRAMEWORK_HEADER = YES;
				CLANG_WARN_RANGE_LOOP_ANALYSIS = YES;
				CLANG_WARN_STRICT_PROTOTYPES = YES;
				CLANG_WARN_SUSPICIOUS_MOVE = YES;
				CLANG_WARN_UNGUARDED_AVAILABILITY = YES_AGGRESSIVE;
				CLANG_WARN_UNREACHABLE_CODE = YES;
				CLANG_WARN__DUPLICATE_METHOD_MATCH = YES;
				COPY_PHASE_STRIP = NO;
				DEBUG_INFORMATION_FORMAT = dwarf;
				ENABLE_STRICT_OBJC_MSGSEND = YES;
				ENABLE_TESTABILITY = YES;
				GCC_C_LANGUAGE_STANDARD = gnu11;
				GCC_DYNAMIC_NO_PIC = NO;
				GCC_NO_COMMON_BLOCKS = YES;
				GCC_OPTIMIZATION_LEVEL = 0;
				GCC_PREPROCESSOR_DEFINITIONS = (
					"DEBUG=1",
					"$(inherited)",
				);
				GCC_WARN_64_TO_32_BIT_CONVERSION = YES;
				GCC_WARN_ABOUT_RETURN_TYPE = YES_ERROR;
				GCC_WARN_UNDECLARED_SELECTOR = YES;
				GCC_WARN_UNINITIALIZED_AUTOS = YES_AGGRESSIVE;
				GCC_WARN_UNUSED_FUNCTION = YES;
				GCC_WARN_UNUSED_VARIABLE = YES;
				IPHONEOS_DEPLOYMENT_TARGET = 14.0;
				MTL_ENABLE_DEBUG_INFO = INCLUDE_SOURCE;
				MTL_FAST_MATH = YES;
				ONLY_ACTIVE_ARCH = YES;
				SDKROOT = iphoneos;
				SWIFT_ACTIVE_COMPILATION_CONDITIONS = DEBUG;
				SWIFT_OPTIMIZATION_LEVEL = "-Onone";
			};
			name = Debug;
		};
		DA64202B28E865DB00E03CB2 /* Release */ = {
			isa = XCBuildConfiguration;
			buildSettings = {
				ALWAYS_SEARCH_USER_PATHS = NO;
				CLANG_ANALYZER_LOCALIZABILITY_NONLOCALIZED = YES;
				CLANG_ANALYZER_NONNULL = YES;
				CLANG_ANALYZER_NUMBER_OBJECT_CONVERSION = YES_AGGRESSIVE;
				CLANG_CXX_LANGUAGE_STANDARD = "gnu++20";
				CLANG_ENABLE_MODULES = YES;
				CLANG_ENABLE_OBJC_ARC = YES;
				CLANG_ENABLE_OBJC_WEAK = YES;
				CLANG_WARN_BLOCK_CAPTURE_AUTORELEASING = YES;
				CLANG_WARN_BOOL_CONVERSION = YES;
				CLANG_WARN_COMMA = YES;
				CLANG_WARN_CONSTANT_CONVERSION = YES;
				CLANG_WARN_DEPRECATED_OBJC_IMPLEMENTATIONS = YES;
				CLANG_WARN_DIRECT_OBJC_ISA_USAGE = YES_ERROR;
				CLANG_WARN_DOCUMENTATION_COMMENTS = YES;
				CLANG_WARN_EMPTY_BODY = YES;
				CLANG_WARN_ENUM_CONVERSION = YES;
				CLANG_WARN_INFINITE_RECURSION = YES;
				CLANG_WARN_INT_CONVERSION = YES;
				CLANG_WARN_NON_LITERAL_NULL_CONVERSION = YES;
				CLANG_WARN_OBJC_IMPLICIT_RETAIN_SELF = YES;
				CLANG_WARN_OBJC_LITERAL_CONVERSION = YES;
				CLANG_WARN_OBJC_ROOT_CLASS = YES_ERROR;
				CLANG_WARN_QUOTED_INCLUDE_IN_FRAMEWORK_HEADER = YES;
				CLANG_WARN_RANGE_LOOP_ANALYSIS = YES;
				CLANG_WARN_STRICT_PROTOTYPES = YES;
				CLANG_WARN_SUSPICIOUS_MOVE = YES;
				CLANG_WARN_UNGUARDED_AVAILABILITY = YES_AGGRESSIVE;
				CLANG_WARN_UNREACHABLE_CODE = YES;
				CLANG_WARN__DUPLICATE_METHOD_MATCH = YES;
				COPY_PHASE_STRIP = NO;
				DEBUG_INFORMATION_FORMAT = "dwarf-with-dsym";
				ENABLE_NS_ASSERTIONS = NO;
				ENABLE_STRICT_OBJC_MSGSEND = YES;
				GCC_C_LANGUAGE_STANDARD = gnu11;
				GCC_NO_COMMON_BLOCKS = YES;
				GCC_WARN_64_TO_32_BIT_CONVERSION = YES;
				GCC_WARN_ABOUT_RETURN_TYPE = YES_ERROR;
				GCC_WARN_UNDECLARED_SELECTOR = YES;
				GCC_WARN_UNINITIALIZED_AUTOS = YES_AGGRESSIVE;
				GCC_WARN_UNUSED_FUNCTION = YES;
				GCC_WARN_UNUSED_VARIABLE = YES;
				IPHONEOS_DEPLOYMENT_TARGET = 14.0;
				MTL_ENABLE_DEBUG_INFO = NO;
				MTL_FAST_MATH = YES;
				SDKROOT = iphoneos;
				SWIFT_COMPILATION_MODE = wholemodule;
				SWIFT_OPTIMIZATION_LEVEL = "-O";
				VALIDATE_PRODUCT = YES;
			};
			name = Release;
		};
		DA64202D28E865DB00E03CB2 /* Debug */ = {
			isa = XCBuildConfiguration;
			buildSettings = {
				ASSETCATALOG_COMPILER_APPICON_NAME = AppIcon;
				ASSETCATALOG_COMPILER_GLOBAL_ACCENT_COLOR_NAME = AccentColor;
				CODE_SIGN_ENTITLEMENTS = Vinishko/Vinishko.entitlements;
				CODE_SIGN_STYLE = Automatic;
				CURRENT_PROJECT_VERSION = 1;
				DEVELOPMENT_TEAM = 7GM9RUFL9F;
				GENERATE_INFOPLIST_FILE = YES;
				INFOPLIST_FILE = "Vinishko/Supporting Files/Info.plist";
				INFOPLIST_KEY_CFBundleDisplayName = Vinishko;
				INFOPLIST_KEY_LSApplicationCategoryType = "public.app-category.food-and-drink";
				INFOPLIST_KEY_NSCameraUsageDescription = "Access to the camera allows you to take photos for your tasting collection and scan QR-codes";
				INFOPLIST_KEY_NSPhotoLibraryUsageDescription = "Access to the photo library allows you to add photos to your tasting collection";
				INFOPLIST_KEY_UIApplicationSupportsIndirectInputEvents = YES;
				INFOPLIST_KEY_UILaunchStoryboardName = LaunchScreen;
				INFOPLIST_KEY_UIMainStoryboardFile = Main;
				INFOPLIST_KEY_UISupportedInterfaceOrientations_iPad = UIInterfaceOrientationPortrait;
				INFOPLIST_KEY_UISupportedInterfaceOrientations_iPhone = UIInterfaceOrientationPortrait;
				INFOPLIST_KEY_UIUserInterfaceStyle = Light;
				IPHONEOS_DEPLOYMENT_TARGET = 14.0;
				LD_RUNPATH_SEARCH_PATHS = (
					"$(inherited)",
					"@executable_path/Frameworks",
				);
				MARKETING_VERSION = 1.5;
				PRODUCT_BUNDLE_IDENTIFIER = mttm1249.Vinishko;
				PRODUCT_NAME = "$(TARGET_NAME)";
				SUPPORTED_PLATFORMS = "iphoneos iphonesimulator";
				SUPPORTS_MACCATALYST = NO;
				SUPPORTS_MAC_DESIGNED_FOR_IPHONE_IPAD = NO;
				SWIFT_EMIT_LOC_STRINGS = YES;
				SWIFT_VERSION = 5.0;
				TARGETED_DEVICE_FAMILY = 1;
			};
			name = Debug;
		};
		DA64202E28E865DB00E03CB2 /* Release */ = {
			isa = XCBuildConfiguration;
			buildSettings = {
				ASSETCATALOG_COMPILER_APPICON_NAME = AppIcon;
				ASSETCATALOG_COMPILER_GLOBAL_ACCENT_COLOR_NAME = AccentColor;
				CODE_SIGN_ENTITLEMENTS = Vinishko/Vinishko.entitlements;
				CODE_SIGN_STYLE = Automatic;
				CURRENT_PROJECT_VERSION = 1;
				DEVELOPMENT_TEAM = 7GM9RUFL9F;
				GENERATE_INFOPLIST_FILE = YES;
				INFOPLIST_FILE = "Vinishko/Supporting Files/Info.plist";
				INFOPLIST_KEY_CFBundleDisplayName = Vinishko;
				INFOPLIST_KEY_LSApplicationCategoryType = "public.app-category.food-and-drink";
				INFOPLIST_KEY_NSCameraUsageDescription = "Access to the camera allows you to take photos for your tasting collection and scan QR-codes";
				INFOPLIST_KEY_NSPhotoLibraryUsageDescription = "Access to the photo library allows you to add photos to your tasting collection";
				INFOPLIST_KEY_UIApplicationSupportsIndirectInputEvents = YES;
				INFOPLIST_KEY_UILaunchStoryboardName = LaunchScreen;
				INFOPLIST_KEY_UIMainStoryboardFile = Main;
				INFOPLIST_KEY_UISupportedInterfaceOrientations_iPad = UIInterfaceOrientationPortrait;
				INFOPLIST_KEY_UISupportedInterfaceOrientations_iPhone = UIInterfaceOrientationPortrait;
				INFOPLIST_KEY_UIUserInterfaceStyle = Light;
				IPHONEOS_DEPLOYMENT_TARGET = 14.0;
				LD_RUNPATH_SEARCH_PATHS = (
					"$(inherited)",
					"@executable_path/Frameworks",
				);
				MARKETING_VERSION = 1.5;
				PRODUCT_BUNDLE_IDENTIFIER = mttm1249.Vinishko;
				PRODUCT_NAME = "$(TARGET_NAME)";
				SUPPORTED_PLATFORMS = "iphoneos iphonesimulator";
				SUPPORTS_MACCATALYST = NO;
				SUPPORTS_MAC_DESIGNED_FOR_IPHONE_IPAD = NO;
				SWIFT_EMIT_LOC_STRINGS = YES;
				SWIFT_VERSION = 5.0;
				TARGETED_DEVICE_FAMILY = 1;
			};
			name = Release;
		};
/* End XCBuildConfiguration section */

/* Begin XCConfigurationList section */
		DA64201328E865DA00E03CB2 /* Build configuration list for PBXProject "Vinishko" */ = {
			isa = XCConfigurationList;
			buildConfigurations = (
				DA64202A28E865DB00E03CB2 /* Debug */,
				DA64202B28E865DB00E03CB2 /* Release */,
			);
			defaultConfigurationIsVisible = 0;
			defaultConfigurationName = Release;
		};
		DA64202C28E865DB00E03CB2 /* Build configuration list for PBXNativeTarget "Vinishko" */ = {
			isa = XCConfigurationList;
			buildConfigurations = (
				DA64202D28E865DB00E03CB2 /* Debug */,
				DA64202E28E865DB00E03CB2 /* Release */,
			);
			defaultConfigurationIsVisible = 0;
			defaultConfigurationName = Release;
		};
/* End XCConfigurationList section */

/* Begin XCRemoteSwiftPackageReference section */
		52B942E92991062B00DD6F10 /* XCRemoteSwiftPackageReference "firebase-ios-sdk" */ = {
			isa = XCRemoteSwiftPackageReference;
			repositoryURL = "https://github.com/firebase/firebase-ios-sdk";
			requirement = {
				kind = upToNextMajorVersion;
				minimumVersion = 9.0.0;
			};
		};
		DA8E2D5F295D7958007DF897 /* XCRemoteSwiftPackageReference "realm-swift" */ = {
			isa = XCRemoteSwiftPackageReference;
			repositoryURL = "https://github.com/realm/realm-swift.git";
			requirement = {
				branch = master;
				kind = branch;
			};
		};
/* End XCRemoteSwiftPackageReference section */

/* Begin XCSwiftPackageProductDependency section */
		52B942EA2991062B00DD6F10 /* FirebaseStorage */ = {
			isa = XCSwiftPackageProductDependency;
			package = 52B942E92991062B00DD6F10 /* XCRemoteSwiftPackageReference "firebase-ios-sdk" */;
			productName = FirebaseStorage;
		};
		DA8E2D60295D7958007DF897 /* RealmSwift */ = {
			isa = XCSwiftPackageProductDependency;
			package = DA8E2D5F295D7958007DF897 /* XCRemoteSwiftPackageReference "realm-swift" */;
			productName = RealmSwift;
		};
/* End XCSwiftPackageProductDependency section */
	};
	rootObject = DA64201028E865DA00E03CB2 /* Project object */;
}
